
Microsoft Visual Studio Solution File, Format Version 12.00
# Visual Studio Version 17
VisualStudioVersion = 17.11.35303.130
MinimumVisualStudioVersion = 10.0.40219.1
Project("{9A19103F-16F7-4668-BE54-9A1E7A4F7556}") = "apiProductos", "apiProductos\apiProductos.csproj", "{132EAE58-DB0E-4955-B4DE-FF1D9B1F3D5E}"
EndProject
Project("{FAE04EC0-301F-11D3-BF4B-00C04F79EFBC}") = "apiTest", "apiTest\apiTest.csproj", "{8BA27336-94D7-4644-A24E-EC8203418502}"
EndProject
Global
	GlobalSection(SolutionConfigurationPlatforms) = preSolution
		Debug|Any CPU = Debug|Any CPU
		Release|Any CPU = Release|Any CPU
	EndGlobalSection
	GlobalSection(ProjectConfigurationPlatforms) = postSolution
		{132EAE58-DB0E-4955-B4DE-FF1D9B1F3D5E}.Debug|Any CPU.ActiveCfg = Debug|Any CPU
		{132EAE58-DB0E-4955-B4DE-FF1D9B1F3D5E}.Debug|Any CPU.Build.0 = Debug|Any CPU
		{132EAE58-DB0E-4955-B4DE-FF1D9B1F3D5E}.Release|Any CPU.ActiveCfg = Release|Any CPU
		{132EAE58-DB0E-4955-B4DE-FF1D9B1F3D5E}.Release|Any CPU.Build.0 = Release|Any CPU
		{8BA27336-94D7-4644-A24E-EC8203418502}.Debug|Any CPU.ActiveCfg = Debug|Any CPU
		{8BA27336-94D7-4644-A24E-EC8203418502}.Debug|Any CPU.Build.0 = Debug|Any CPU
		{8BA27336-94D7-4644-A24E-EC8203418502}.Release|Any CPU.ActiveCfg = Release|Any CPU
		{8BA27336-94D7-4644-A24E-EC8203418502}.Release|Any CPU.Build.0 = Release|Any CPU
	EndGlobalSection
	GlobalSection(SolutionProperties) = preSolution
		HideSolutionNode = FALSE
	EndGlobalSection
	GlobalSection(ExtensibilityGlobals) = postSolution
		SolutionGuid = {7FF47A28-D36A-404E-93AF-5B3019B70F97}
	EndGlobalSection
EndGlobal
